{
  "name": "drupal-raven",
  "lockfileVersion": 2,
  "requires": true,
  "packages": {
    "": {
      "name": "drupal-raven",
      "hasInstallScript": true,
      "license": "GPL-2.0-or-later",
      "devDependencies": {
        "raven-js": "^3.27.2"
      }
    },
    "node_modules/raven-js": {
      "version": "3.27.2",
      "resolved": "https://registry.npmjs.org/raven-js/-/raven-js-3.27.2.tgz",
      "integrity": "sha512-mFWQcXnhRFEQe5HeFroPaEghlnqy7F5E2J3Fsab189ondqUzcjwSVi7el7F36cr6PvQYXoZ1P2F5CSF2/azeMQ==",
      "dev": true
    }
  },
  "dependencies": {
    "raven-js": {
      "version": "3.27.2",
      "resolved": "https://registry.npmjs.org/raven-js/-/raven-js-3.27.2.tgz",
      "integrity": "sha512-mFWQcXnhRFEQe5HeFroPaEghlnqy7F5E2J3Fsab189ondqUzcjwSVi7el7F36cr6PvQYXoZ1P2F5CSF2/azeMQ==",
      "dev": true
    }
  }
}
