# THIS IS AN AUTOGENERATED FILE. DO NOT EDIT THIS FILE DIRECTLY.
# yarn lockfile v1


"@palantirnet/federated-search-react@git+ssh://git@github.com:palantirnet/federated-search-react.git#v1.0.4":
  version "1.0.4"
  resolved "git+ssh://git@github.com:palantirnet/federated-search-react.git#d053ff02da5b7179b6980eafe8bdf8ccd37470b8"
